<Solution>
  <Configurations>
    <Platform Name="Any CPU" />
    <Platform Name="ARM64" />
    <Platform Name="x64" />
    <Platform Name="x86" />
  </Configurations>
  <Project Path="setup/SqlDocs.Setup.wixproj" Type="b7dd6f7e-def8-4e67-b5b7-07ef123db6f0">
    <Platform Solution="*|Any CPU" Project="x64" />
    <Platform Solution="Debug|x64" Project="ARM64" />
    <Build Solution="Debug|*" Project="false" />
  </Project>
  <Project Path="src/SqlDocs.App.csproj" />
  <Properties Name="ExtensibilityGlobals" Scope="PostLoad">
    <Property Name="RESX_NeutralResourcesLanguage" Value="en-GB" />
  </Properties>
</Solution>
